// !$*UTF8*$!
{
	archiveVersion = 1;
	classes = {
	};
	objectVersion = 56;
	objects = {

/* Begin PBXBuildFile section */
		269FDD552BF88FE200715CB4 /* ActionDetectionModel.swift in Sources */ = {isa = PBXBuildFile; fileRef = 269FDD542BF88FE200715CB4 /* ActionDetectionModel.swift */; };
		26B6F5262BFA2D07000B2340 /* MusicItemCell.swift in Sources */ = {isa = PBXBuildFile; fileRef = 26B6F5252BFA2D07000B2340 /* MusicItemCell.swift */; };
		26B6F5292BFA36AC000B2340 /* MusicItemRowView.swift in Sources */ = {isa = PBXBuildFile; fileRef = 26B6F5282BFA36AC000B2340 /* MusicItemRowView.swift */; };
		D8184EFD2BF6516C00CBA736 /* MusicAuthorizationView.swift in Sources */ = {isa = PBXBuildFile; fileRef = D8184EFC2BF6516C00CBA736 /* MusicAuthorizationView.swift */; };
		D8184F012BF70F1900CBA736 /* MusicAuthorizationModel.swift in Sources */ = {isa = PBXBuildFile; fileRef = D8184F002BF70F1900CBA736 /* MusicAuthorizationModel.swift */; };
		D8672FEB2BF2444600E9E242 /* MinGenieApp.swift in Sources */ = {isa = PBXBuildFile; fileRef = D8672FEA2BF2444600E9E242 /* MinGenieApp.swift */; };
		D8672FED2BF2444600E9E242 /* ContentView.swift in Sources */ = {isa = PBXBuildFile; fileRef = D8672FEC2BF2444600E9E242 /* ContentView.swift */; };
		D8672FEF2BF2444600E9E242 /* Assets.xcassets in Resources */ = {isa = PBXBuildFile; fileRef = D8672FEE2BF2444600E9E242 /* Assets.xcassets */; };
		D8672FF22BF2444700E9E242 /* Preview Assets.xcassets in Resources */ = {isa = PBXBuildFile; fileRef = D8672FF12BF2444700E9E242 /* Preview Assets.xcassets */; };
/* End PBXBuildFile section */

/* Begin PBXFileReference section */
		269FDD542BF88FE200715CB4 /* ActionDetectionModel.swift */ = {isa = PBXFileReference; lastKnownFileType = sourcecode.swift; path = ActionDetectionModel.swift; sourceTree = "<group>"; };
		26B6F5252BFA2D07000B2340 /* MusicItemCell.swift */ = {isa = PBXFileReference; lastKnownFileType = sourcecode.swift; path = MusicItemCell.swift; sourceTree = "<group>"; };
		26B6F5282BFA36AC000B2340 /* MusicItemRowView.swift */ = {isa = PBXFileReference; lastKnownFileType = sourcecode.swift; path = MusicItemRowView.swift; sourceTree = "<group>"; };
		D8184EFB2BF650CB00CBA736 /* Info.plist */ = {isa = PBXFileReference; lastKnownFileType = text.plist; path = Info.plist; sourceTree = "<group>"; };
		D8184EFC2BF6516C00CBA736 /* MusicAuthorizationView.swift */ = {isa = PBXFileReference; lastKnownFileType = sourcecode.swift; path = MusicAuthorizationView.swift; sourceTree = "<group>"; };
		D8184F002BF70F1900CBA736 /* MusicAuthorizationModel.swift */ = {isa = PBXFileReference; lastKnownFileType = sourcecode.swift; path = MusicAuthorizationModel.swift; sourceTree = "<group>"; };
		D8672FE72BF2444600E9E242 /* MinGenie.app */ = {isa = PBXFileReference; explicitFileType = wrapper.application; includeInIndex = 0; path = MinGenie.app; sourceTree = BUILT_PRODUCTS_DIR; };
		D8672FEA2BF2444600E9E242 /* MinGenieApp.swift */ = {isa = PBXFileReference; lastKnownFileType = sourcecode.swift; path = MinGenieApp.swift; sourceTree = "<group>"; };
		D8672FEC2BF2444600E9E242 /* ContentView.swift */ = {isa = PBXFileReference; lastKnownFileType = sourcecode.swift; path = ContentView.swift; sourceTree = "<group>"; };
		D8672FEE2BF2444600E9E242 /* Assets.xcassets */ = {isa = PBXFileReference; lastKnownFileType = folder.assetcatalog; path = Assets.xcassets; sourceTree = "<group>"; };
		D8672FF12BF2444700E9E242 /* Preview Assets.xcassets */ = {isa = PBXFileReference; lastKnownFileType = folder.assetcatalog; path = "Preview Assets.xcassets"; sourceTree = "<group>"; };
/* End PBXFileReference section */

/* Begin PBXFrameworksBuildPhase section */
		D8672FE42BF2444600E9E242 /* Frameworks */ = {
			isa = PBXFrameworksBuildPhase;
			buildActionMask = 2147483647;
			files = (
			);
			runOnlyForDeploymentPostprocessing = 0;
		};
/* End PBXFrameworksBuildPhase section */

/* Begin PBXGroup section */
		269FDD532BF88F9200715CB4 /* ShakeDetection */ = {
			isa = PBXGroup;
			children = (
				269FDD542BF88FE200715CB4 /* ActionDetectionModel.swift */,
			);
			path = ShakeDetection;
			sourceTree = "<group>";
		};
		26B6F5242BFA2CE2000B2340 /* Cells */ = {
			isa = PBXGroup;
			children = (
				26B6F5252BFA2D07000B2340 /* MusicItemCell.swift */,
			);
			path = Cells;
			sourceTree = "<group>";
		};
		26B6F5272BFA3662000B2340 /* Home */ = {
			isa = PBXGroup;
			children = (
				26B6F5242BFA2CE2000B2340 /* Cells */,
				26B6F5282BFA36AC000B2340 /* MusicItemRowView.swift */,
			);
			path = Home;
			sourceTree = "<group>";
		};
		D8184EFF2BF70EE300CBA736 /* Authorization */ = {
			isa = PBXGroup;
			children = (
				D8184F002BF70F1900CBA736 /* MusicAuthorizationModel.swift */,
				D8184EFC2BF6516C00CBA736 /* MusicAuthorizationView.swift */,
			);
			path = Authorization;
			sourceTree = "<group>";
		};
		D8672FDE2BF2444500E9E242 = {
			isa = PBXGroup;
			children = (
				D8672FE92BF2444600E9E242 /* MinGenie */,
				D8672FE82BF2444600E9E242 /* Products */,
			);
			sourceTree = "<group>";
		};
		D8672FE82BF2444600E9E242 /* Products */ = {
			isa = PBXGroup;
			children = (
				D8672FE72BF2444600E9E242 /* MinGenie.app */,
			);
			name = Products;
			sourceTree = "<group>";
		};
		D8672FE92BF2444600E9E242 /* MinGenie */ = {
			isa = PBXGroup;
			children = (
				26B6F5272BFA3662000B2340 /* Home */,
				269FDD532BF88F9200715CB4 /* ShakeDetection */,
				D8184EFF2BF70EE300CBA736 /* Authorization */,
				D8184EFB2BF650CB00CBA736 /* Info.plist */,
				D8672FEA2BF2444600E9E242 /* MinGenieApp.swift */,
				D8672FEC2BF2444600E9E242 /* ContentView.swift */,
				D8672FEE2BF2444600E9E242 /* Assets.xcassets */,
				D8672FF02BF2444700E9E242 /* Preview Content */,
			);
			path = MinGenie;
			sourceTree = "<group>";
		};
		D8672FF02BF2444700E9E242 /* Preview Content */ = {
			isa = PBXGroup;
			children = (
				D8672FF12BF2444700E9E242 /* Preview Assets.xcassets */,
			);
			path = "Preview Content";
			sourceTree = "<group>";
		};
/* End PBXGroup section */

/* Begin PBXNativeTarget section */
		D8672FE62BF2444600E9E242 /* MinGenie */ = {
			isa = PBXNativeTarget;
			buildConfigurationList = D8672FF52BF2444700E9E242 /* Build configuration list for PBXNativeTarget "MinGenie" */;
			buildPhases = (
				D8672FE32BF2444600E9E242 /* Sources */,
				D8672FE42BF2444600E9E242 /* Frameworks */,
				D8672FE52BF2444600E9E242 /* Resources */,
			);
			buildRules = (
			);
			dependencies = (
			);
			name = MinGenie;
			productName = MinGenie;
			productReference = D8672FE72BF2444600E9E242 /* MinGenie.app */;
			productType = "com.apple.product-type.application";
		};
/* End PBXNativeTarget section */

/* Begin PBXProject section */
		D8672FDF2BF2444500E9E242 /* Project object */ = {
			isa = PBXProject;
			attributes = {
				BuildIndependentTargetsInParallel = 1;
				LastSwiftUpdateCheck = 1530;
				LastUpgradeCheck = 1530;
				TargetAttributes = {
					D8672FE62BF2444600E9E242 = {
						CreatedOnToolsVersion = 15.3;
					};
				};
			};
			buildConfigurationList = D8672FE22BF2444500E9E242 /* Build configuration list for PBXProject "MinGenie" */;
			compatibilityVersion = "Xcode 14.0";
			developmentRegion = en;
			hasScannedForEncodings = 0;
			knownRegions = (
				en,
				Base,
			);
			mainGroup = D8672FDE2BF2444500E9E242;
			productRefGroup = D8672FE82BF2444600E9E242 /* Products */;
			projectDirPath = "";
			projectRoot = "";
			targets = (
				D8672FE62BF2444600E9E242 /* MinGenie */,
			);
		};
/* End PBXProject section */

/* Begin PBXResourcesBuildPhase section */
		D8672FE52BF2444600E9E242 /* Resources */ = {
			isa = PBXResourcesBuildPhase;
			buildActionMask = 2147483647;
			files = (
				D8672FF22BF2444700E9E242 /* Preview Assets.xcassets in Resources */,
				D8672FEF2BF2444600E9E242 /* Assets.xcassets in Resources */,
			);
			runOnlyForDeploymentPostprocessing = 0;
		};
/* End PBXResourcesBuildPhase section */

/* Begin PBXSourcesBuildPhase section */
		D8672FE32BF2444600E9E242 /* Sources */ = {
			isa = PBXSourcesBuildPhase;
			buildActionMask = 2147483647;
			files = (
				26B6F5262BFA2D07000B2340 /* MusicItemCell.swift in Sources */,
				D8672FED2BF2444600E9E242 /* ContentView.swift in Sources */,
				D8184F012BF70F1900CBA736 /* MusicAuthorizationModel.swift in Sources */,
				D8672FEB2BF2444600E9E242 /* MinGenieApp.swift in Sources */,
				269FDD552BF88FE200715CB4 /* ActionDetectionModel.swift in Sources */,
				26B6F5292BFA36AC000B2340 /* MusicItemRowView.swift in Sources */,
				D8184EFD2BF6516C00CBA736 /* MusicAuthorizationView.swift in Sources */,
			);
			runOnlyForDeploymentPostprocessing = 0;
		};
/* End PBXSourcesBuildPhase section */

/* Begin XCBuildConfiguration section */
		D8672FF32BF2444700E9E242 /* Debug */ = {
			isa = XCBuildConfiguration;
			buildSettings = {
				ALWAYS_SEARCH_USER_PATHS = NO;
				ASSETCATALOG_COMPILER_GENERATE_SWIFT_ASSET_SYMBOL_EXTENSIONS = YES;
				CLANG_ANALYZER_NONNULL = YES;
				CLANG_ANALYZER_NUMBER_OBJECT_CONVERSION = YES_AGGRESSIVE;
				CLANG_CXX_LANGUAGE_STANDARD = "gnu++20";
				CLANG_ENABLE_MODULES = YES;
				CLANG_ENABLE_OBJC_ARC = YES;
				CLANG_ENABLE_OBJC_WEAK = YES;
				CLANG_WARN_BLOCK_CAPTURE_AUTORELEASING = YES;
				CLANG_WARN_BOOL_CONVERSION = YES;
				CLANG_WARN_COMMA = YES;
				CLANG_WARN_CONSTANT_CONVERSION = YES;
				CLANG_WARN_DEPRECATED_OBJC_IMPLEMENTATIONS = YES;
				CLANG_WARN_DIRECT_OBJC_ISA_USAGE = YES_ERROR;
				CLANG_WARN_DOCUMENTATION_COMMENTS = YES;
				CLANG_WARN_EMPTY_BODY = YES;
				CLANG_WARN_ENUM_CONVERSION = YES;
				CLANG_WARN_INFINITE_RECURSION = YES;
				CLANG_WARN_INT_CONVERSION = YES;
				CLANG_WARN_NON_LITERAL_NULL_CONVERSION = YES;
				CLANG_WARN_OBJC_IMPLICIT_RETAIN_SELF = YES;
				CLANG_WARN_OBJC_LITERAL_CONVERSION = YES;
				CLANG_WARN_OBJC_ROOT_CLASS = YES_ERROR;
				CLANG_WARN_QUOTED_INCLUDE_IN_FRAMEWORK_HEADER = YES;
				CLANG_WARN_RANGE_LOOP_ANALYSIS = YES;
				CLANG_WARN_STRICT_PROTOTYPES = YES;
				CLANG_WARN_SUSPICIOUS_MOVE = YES;
				CLANG_WARN_UNGUARDED_AVAILABILITY = YES_AGGRESSIVE;
				CLANG_WARN_UNREACHABLE_CODE = YES;
				CLANG_WARN__DUPLICATE_METHOD_MATCH = YES;
				COPY_PHASE_STRIP = NO;
				DEBUG_INFORMATION_FORMAT = dwarf;
				ENABLE_STRICT_OBJC_MSGSEND = YES;
				ENABLE_TESTABILITY = YES;
				ENABLE_USER_SCRIPT_SANDBOXING = YES;
				GCC_C_LANGUAGE_STANDARD = gnu17;
				GCC_DYNAMIC_NO_PIC = NO;
				GCC_NO_COMMON_BLOCKS = YES;
				GCC_OPTIMIZATION_LEVEL = 0;
				GCC_PREPROCESSOR_DEFINITIONS = (
					"DEBUG=1",
					"$(inherited)",
				);
				GCC_WARN_64_TO_32_BIT_CONVERSION = YES;
				GCC_WARN_ABOUT_RETURN_TYPE = YES_ERROR;
				GCC_WARN_UNDECLARED_SELECTOR = YES;
				GCC_WARN_UNINITIALIZED_AUTOS = YES_AGGRESSIVE;
				GCC_WARN_UNUSED_FUNCTION = YES;
				GCC_WARN_UNUSED_VARIABLE = YES;
				IPHONEOS_DEPLOYMENT_TARGET = 17.4;
				LOCALIZATION_PREFERS_STRING_CATALOGS = YES;
				MTL_ENABLE_DEBUG_INFO = INCLUDE_SOURCE;
				MTL_FAST_MATH = YES;
				ONLY_ACTIVE_ARCH = YES;
				SDKROOT = iphoneos;
				SWIFT_ACTIVE_COMPILATION_CONDITIONS = "DEBUG $(inherited)";
				SWIFT_OPTIMIZATION_LEVEL = "-Onone";
			};
			name = Debug;
		};
		D8672FF42BF2444700E9E242 /* Release */ = {
			isa = XCBuildConfiguration;
			buildSettings = {
				ALWAYS_SEARCH_USER_PATHS = NO;
				ASSETCATALOG_COMPILER_GENERATE_SWIFT_ASSET_SYMBOL_EXTENSIONS = YES;
				CLANG_ANALYZER_NONNULL = YES;
				CLANG_ANALYZER_NUMBER_OBJECT_CONVERSION = YES_AGGRESSIVE;
				CLANG_CXX_LANGUAGE_STANDARD = "gnu++20";
				CLANG_ENABLE_MODULES = YES;
				CLANG_ENABLE_OBJC_ARC = YES;
				CLANG_ENABLE_OBJC_WEAK = YES;
				CLANG_WARN_BLOCK_CAPTURE_AUTORELEASING = YES;
				CLANG_WARN_BOOL_CONVERSION = YES;
				CLANG_WARN_COMMA = YES;
				CLANG_WARN_CONSTANT_CONVERSION = YES;
				CLANG_WARN_DEPRECATED_OBJC_IMPLEMENTATIONS = YES;
				CLANG_WARN_DIRECT_OBJC_ISA_USAGE = YES_ERROR;
				CLANG_WARN_DOCUMENTATION_COMMENTS = YES;
				CLANG_WARN_EMPTY_BODY = YES;
				CLANG_WARN_ENUM_CONVERSION = YES;
				CLANG_WARN_INFINITE_RECURSION = YES;
				CLANG_WARN_INT_CONVERSION = YES;
				CLANG_WARN_NON_LITERAL_NULL_CONVERSION = YES;
				CLANG_WARN_OBJC_IMPLICIT_RETAIN_SELF = YES;
				CLANG_WARN_OBJC_LITERAL_CONVERSION = YES;
				CLANG_WARN_OBJC_ROOT_CLASS = YES_ERROR;
				CLANG_WARN_QUOTED_INCLUDE_IN_FRAMEWORK_HEADER = YES;
				CLANG_WARN_RANGE_LOOP_ANALYSIS = YES;
				CLANG_WARN_STRICT_PROTOTYPES = YES;
				CLANG_WARN_SUSPICIOUS_MOVE = YES;
				CLANG_WARN_UNGUARDED_AVAILABILITY = YES_AGGRESSIVE;
				CLANG_WARN_UNREACHABLE_CODE = YES;
				CLANG_WARN__DUPLICATE_METHOD_MATCH = YES;
				COPY_PHASE_STRIP = NO;
				DEBUG_INFORMATION_FORMAT = "dwarf-with-dsym";
				ENABLE_NS_ASSERTIONS = NO;
				ENABLE_STRICT_OBJC_MSGSEND = YES;
				ENABLE_USER_SCRIPT_SANDBOXING = YES;
				GCC_C_LANGUAGE_STANDARD = gnu17;
				GCC_NO_COMMON_BLOCKS = YES;
				GCC_WARN_64_TO_32_BIT_CONVERSION = YES;
				GCC_WARN_ABOUT_RETURN_TYPE = YES_ERROR;
				GCC_WARN_UNDECLARED_SELECTOR = YES;
				GCC_WARN_UNINITIALIZED_AUTOS = YES_AGGRESSIVE;
				GCC_WARN_UNUSED_FUNCTION = YES;
				GCC_WARN_UNUSED_VARIABLE = YES;
				IPHONEOS_DEPLOYMENT_TARGET = 17.4;
				LOCALIZATION_PREFERS_STRING_CATALOGS = YES;
				MTL_ENABLE_DEBUG_INFO = NO;
				MTL_FAST_MATH = YES;
				SDKROOT = iphoneos;
				SWIFT_COMPILATION_MODE = wholemodule;
				VALIDATE_PRODUCT = YES;
			};
			name = Release;
		};
		D8672FF62BF2444700E9E242 /* Debug */ = {
			isa = XCBuildConfiguration;
			buildSettings = {
				ASSETCATALOG_COMPILER_APPICON_NAME = AppIcon;
				ASSETCATALOG_COMPILER_GLOBAL_ACCENT_COLOR_NAME = AccentColor;
				"CODE_SIGN_IDENTITY[sdk=iphoneos*]" = "iPhone Developer";
				CODE_SIGN_STYLE = Manual;
				CURRENT_PROJECT_VERSION = 1;
				DEVELOPMENT_ASSET_PATHS = "\"MinGenie/Preview Content\"";
				DEVELOPMENT_TEAM = "";
				"DEVELOPMENT_TEAM[sdk=iphoneos*]" = 7P5S729LQZ;
				ENABLE_PREVIEWS = YES;
				GENERATE_INFOPLIST_FILE = YES;
				INFOPLIST_FILE = MinGenie/Info.plist;
				INFOPLIST_KEY_CFBundleDisplayName = "Min Genie";
				INFOPLIST_KEY_LSApplicationCategoryType = "public.app-category.music";
				INFOPLIST_KEY_NSAppleMusicUsageDescription = Description;
				INFOPLIST_KEY_NSLocationAlwaysAndWhenInUseUsageDescription = "앱이 백그라운드와 포그라운드 모두에서 위치 서비스를 사용하기 위해 필요합니다.";
				INFOPLIST_KEY_NSLocationAlwaysUsageDescription = "앱이 백그라운드에서도 위치 서비스를 사용하기 위해 필요합니다.";
				INFOPLIST_KEY_NSLocationWhenInUseUsageDescription = "앱 사용 중에 위치 서비스를 사용하기 위해 필요합니다.";
				INFOPLIST_KEY_NSMotionUsageDescription = "이 앱은 기기 움직임을 감지하여 음악을 자동으로 변경하기 위해 모션 데이터를 사용합니다.";
				INFOPLIST_KEY_UIApplicationSceneManifest_Generation = YES;
				INFOPLIST_KEY_UIApplicationSupportsIndirectInputEvents = YES;
				INFOPLIST_KEY_UILaunchScreen_Generation = YES;
				INFOPLIST_KEY_UISupportedInterfaceOrientations = UIInterfaceOrientationPortrait;
				INFOPLIST_KEY_UISupportedInterfaceOrientations_iPad = "UIInterfaceOrientationLandscapeLeft UIInterfaceOrientationLandscapeRight UIInterfaceOrientationPortrait UIInterfaceOrientationPortraitUpsideDown";
				IPHONEOS_DEPLOYMENT_TARGET = 17.0;
				LD_RUNPATH_SEARCH_PATHS = (
					"$(inherited)",
					"@executable_path/Frameworks",
				);
				MARKETING_VERSION = 1.0;
				PRODUCT_BUNDLE_IDENTIFIER = com.BlackDragonRiver.MinGenie;
				PRODUCT_NAME = "$(TARGET_NAME)";
				PROVISIONING_PROFILE_SPECIFIER = "";
				"PROVISIONING_PROFILE_SPECIFIER[sdk=iphoneos*]" = Min_Development;
				SUPPORTED_PLATFORMS = "iphoneos iphonesimulator";
				SUPPORTS_MACCATALYST = NO;
				SUPPORTS_MAC_DESIGNED_FOR_IPHONE_IPAD = NO;
				SUPPORTS_XR_DESIGNED_FOR_IPHONE_IPAD = NO;
				SWIFT_EMIT_LOC_STRINGS = YES;
				SWIFT_VERSION = 5.0;
				TARGETED_DEVICE_FAMILY = 1;
			};
			name = Debug;
		};
		D8672FF72BF2444700E9E242 /* Release */ = {
			isa = XCBuildConfiguration;
			buildSettings = {
				ASSETCATALOG_COMPILER_APPICON_NAME = AppIcon;
				ASSETCATALOG_COMPILER_GLOBAL_ACCENT_COLOR_NAME = AccentColor;
				"CODE_SIGN_IDENTITY[sdk=iphoneos*]" = "iPhone Distribution";
				CODE_SIGN_STYLE = Manual;
				CURRENT_PROJECT_VERSION = 1;
				DEVELOPMENT_ASSET_PATHS = "\"MinGenie/Preview Content\"";
				DEVELOPMENT_TEAM = "";
				"DEVELOPMENT_TEAM[sdk=iphoneos*]" = 7P5S729LQZ;
				ENABLE_PREVIEWS = YES;
				GENERATE_INFOPLIST_FILE = YES;
				INFOPLIST_FILE = MinGenie/Info.plist;
				INFOPLIST_KEY_CFBundleDisplayName = "Min Genie";
				INFOPLIST_KEY_LSApplicationCategoryType = "public.app-category.music";
				INFOPLIST_KEY_NSAppleMusicUsageDescription = Description;
				INFOPLIST_KEY_NSLocationAlwaysAndWhenInUseUsageDescription = "앱이 백그라운드와 포그라운드 모두에서 위치 서비스를 사용하기 위해 필요합니다.";
				INFOPLIST_KEY_NSLocationAlwaysUsageDescription = "앱이 백그라운드에서도 위치 서비스를 사용하기 위해 필요합니다.";
				INFOPLIST_KEY_NSLocationWhenInUseUsageDescription = "앱 사용 중에 위치 서비스를 사용하기 위해 필요합니다.";
				INFOPLIST_KEY_NSMotionUsageDescription = "이 앱은 기기 움직임을 감지하여 음악을 자동으로 변경하기 위해 모션 데이터를 사용합니다.";
				INFOPLIST_KEY_UIApplicationSceneManifest_Generation = YES;
				INFOPLIST_KEY_UIApplicationSupportsIndirectInputEvents = YES;
				INFOPLIST_KEY_UILaunchScreen_Generation = YES;
				INFOPLIST_KEY_UISupportedInterfaceOrientations = UIInterfaceOrientationPortrait;
				INFOPLIST_KEY_UISupportedInterfaceOrientations_iPad = "UIInterfaceOrientationLandscapeLeft UIInterfaceOrientationLandscapeRight UIInterfaceOrientationPortrait UIInterfaceOrientationPortraitUpsideDown";
				IPHONEOS_DEPLOYMENT_TARGET = 17.0;
				LD_RUNPATH_SEARCH_PATHS = (
					"$(inherited)",
					"@executable_path/Frameworks",
				);
				MARKETING_VERSION = 1.0;
				PRODUCT_BUNDLE_IDENTIFIER = com.BlackDragonRiver.MinGenie;
				PRODUCT_NAME = "$(TARGET_NAME)";
				PROVISIONING_PROFILE_SPECIFIER = "";
				"PROVISIONING_PROFILE_SPECIFIER[sdk=iphoneos*]" = Min_Distribution;
				SUPPORTED_PLATFORMS = "iphoneos iphonesimulator";
				SUPPORTS_MACCATALYST = NO;
				SUPPORTS_MAC_DESIGNED_FOR_IPHONE_IPAD = NO;
				SUPPORTS_XR_DESIGNED_FOR_IPHONE_IPAD = NO;
				SWIFT_EMIT_LOC_STRINGS = YES;
				SWIFT_VERSION = 5.0;
				TARGETED_DEVICE_FAMILY = 1;
			};
			name = Release;
		};
/* End XCBuildConfiguration section */

/* Begin XCConfigurationList section */
		D8672FE22BF2444500E9E242 /* Build configuration list for PBXProject "MinGenie" */ = {
			isa = XCConfigurationList;
			buildConfigurations = (
				D8672FF32BF2444700E9E242 /* Debug */,
				D8672FF42BF2444700E9E242 /* Release */,
			);
			defaultConfigurationIsVisible = 0;
			defaultConfigurationName = Release;
		};
		D8672FF52BF2444700E9E242 /* Build configuration list for PBXNativeTarget "MinGenie" */ = {
			isa = XCConfigurationList;
			buildConfigurations = (
				D8672FF62BF2444700E9E242 /* Debug */,
				D8672FF72BF2444700E9E242 /* Release */,
			);
			defaultConfigurationIsVisible = 0;
			defaultConfigurationName = Release;
		};
/* End XCConfigurationList section */
	};
	rootObject = D8672FDF2BF2444500E9E242 /* Project object */;
}
