// !$*UTF8*$!
{
	archiveVersion = 1;
	classes = {
	};
	objectVersion = 56;
	objects = {

/* Begin PBXBuildFile section */
		130D52852BFDD6AC0010BAE2 /* OnboardingTabView.swift in Sources */ = {isa = PBXBuildFile; fileRef = 130D52842BFDD6AC0010BAE2 /* OnboardingTabView.swift */; };
		130D52872BFDD6B60010BAE2 /* OnboardingPageView.swift in Sources */ = {isa = PBXBuildFile; fileRef = 130D52862BFDD6B60010BAE2 /* OnboardingPageView.swift */; };
		130D52892BFDD6BF0010BAE2 /* OnboardingMusicAuthButtonView.swift in Sources */ = {isa = PBXBuildFile; fileRef = 130D52882BFDD6BF0010BAE2 /* OnboardingMusicAuthButtonView.swift */; };
		130D528B2BFDD6CB0010BAE2 /* OnboardingLastPageView.swift in Sources */ = {isa = PBXBuildFile; fileRef = 130D528A2BFDD6CB0010BAE2 /* OnboardingLastPageView.swift */; };
		264802B22BFE343700369831 /* StoredTrack.swift in Sources */ = {isa = PBXBuildFile; fileRef = 264802B12BFE343700369831 /* StoredTrack.swift */; };
		269FDD552BF88FE200715CB4 /* ActionDetectionModel.swift in Sources */ = {isa = PBXBuildFile; fileRef = 269FDD542BF88FE200715CB4 /* ActionDetectionModel.swift */; };
		26B6F5262BFA2D07000B2340 /* MusicItemCell.swift in Sources */ = {isa = PBXBuildFile; fileRef = 26B6F5252BFA2D07000B2340 /* MusicItemCell.swift */; };
		26B6F5292BFA36AC000B2340 /* MusicItemRowView.swift in Sources */ = {isa = PBXBuildFile; fileRef = 26B6F5282BFA36AC000B2340 /* MusicItemRowView.swift */; };
		26B6F52B2BFA436E000B2340 /* HomeModel.swift in Sources */ = {isa = PBXBuildFile; fileRef = 26B6F52A2BFA436E000B2340 /* HomeModel.swift */; };
		26E8A0632BFF7D4A001EF6AE /* NextMusicRecommendationModel.swift in Sources */ = {isa = PBXBuildFile; fileRef = 26E8A0622BFF7D4A001EF6AE /* NextMusicRecommendationModel.swift */; };
		26EF7C342C074F530010EBAC /* OnboardingNextButtonPageView.swift in Sources */ = {isa = PBXBuildFile; fileRef = 26EF7C332C074F530010EBAC /* OnboardingNextButtonPageView.swift */; };
		452B00992BFE14B4002F4560 /* headphone.gif in Resources */ = {isa = PBXBuildFile; fileRef = 452B00952BFE14B4002F4560 /* headphone.gif */; };
		452B009C2BFE14B4002F4560 /* notebook.gif in Resources */ = {isa = PBXBuildFile; fileRef = 452B00982BFE14B4002F4560 /* notebook.gif */; };
		452B009E2BFE1C68002F4560 /* shaking.gif in Resources */ = {isa = PBXBuildFile; fileRef = 452B009D2BFE1C68002F4560 /* shaking.gif */; };
		452B00A22BFE1FA8002F4560 /* iphone.gif in Resources */ = {isa = PBXBuildFile; fileRef = 452B00A12BFE1FA8002F4560 /* iphone.gif */; };
		452B00A42BFE21CB002F4560 /* shaking2.gif in Resources */ = {isa = PBXBuildFile; fileRef = 452B00A32BFE21CB002F4560 /* shaking2.gif */; };
		86D8FD032BFB2B3C008FD1AD /* MiniPlayerView.swift in Sources */ = {isa = PBXBuildFile; fileRef = 86D8FD022BFB2B3C008FD1AD /* MiniPlayerView.swift */; };
		86D8FD052BFB2B52008FD1AD /* MusicPlayerModel.swift in Sources */ = {isa = PBXBuildFile; fileRef = 86D8FD042BFB2B52008FD1AD /* MusicPlayerModel.swift */; };
		86D8FD072BFB2B61008FD1AD /* NowPlayingView.swift in Sources */ = {isa = PBXBuildFile; fileRef = 86D8FD062BFB2B61008FD1AD /* NowPlayingView.swift */; };
		86D8FD0C2BFB2B99008FD1AD /* MiniPlayerItemCell.swift in Sources */ = {isa = PBXBuildFile; fileRef = 86D8FD0B2BFB2B99008FD1AD /* MiniPlayerItemCell.swift */; };
		86D8FD102BFB2BC3008FD1AD /* NowPlayingItemCell.swift in Sources */ = {isa = PBXBuildFile; fileRef = 86D8FD0F2BFB2BC3008FD1AD /* NowPlayingItemCell.swift */; };
		C7D27B472BFDE47400E76800 /* HomeView.swift in Sources */ = {isa = PBXBuildFile; fileRef = C7D27B462BFDE47400E76800 /* HomeView.swift */; };
		C7D27B492BFDED9E00E76800 /* GifImage.swift in Sources */ = {isa = PBXBuildFile; fileRef = C7D27B482BFDED9E00E76800 /* GifImage.swift */; };
		C7D27B4D2BFF0B9800E76800 /* OnboardingFailPageView.swift in Sources */ = {isa = PBXBuildFile; fileRef = C7D27B4C2BFF0B9800E76800 /* OnboardingFailPageView.swift */; };
		C7D8ECE82C16DAEA00A4A5EF /* ShakingFloorMoving.gif in Resources */ = {isa = PBXBuildFile; fileRef = C7D8ECE72C16DAEA00A4A5EF /* ShakingFloorMoving.gif */; };
		C7D8ECEA2C16DE4B00A4A5EF /* ShakeFloor.gif in Resources */ = {isa = PBXBuildFile; fileRef = C7D8ECE92C16DE4B00A4A5EF /* ShakeFloor.gif */; };
		D8184F012BF70F1900CBA736 /* MusicAuthorizationModel.swift in Sources */ = {isa = PBXBuildFile; fileRef = D8184F002BF70F1900CBA736 /* MusicAuthorizationModel.swift */; };
		D85D2AB42BFDD024003803C0 /* DetailedAlbumModel.swift in Sources */ = {isa = PBXBuildFile; fileRef = D85D2AB32BFDD024003803C0 /* DetailedAlbumModel.swift */; };
		D85D2AB62BFDD02F003803C0 /* DetailedAlbumView.swift in Sources */ = {isa = PBXBuildFile; fileRef = D85D2AB52BFDD02F003803C0 /* DetailedAlbumView.swift */; };
		D8672FEB2BF2444600E9E242 /* MinGenieApp.swift in Sources */ = {isa = PBXBuildFile; fileRef = D8672FEA2BF2444600E9E242 /* MinGenieApp.swift */; };
		D8672FED2BF2444600E9E242 /* ContentView.swift in Sources */ = {isa = PBXBuildFile; fileRef = D8672FEC2BF2444600E9E242 /* ContentView.swift */; };
		D8672FEF2BF2444600E9E242 /* Assets.xcassets in Resources */ = {isa = PBXBuildFile; fileRef = D8672FEE2BF2444600E9E242 /* Assets.xcassets */; };
		D8672FF22BF2444700E9E242 /* Preview Assets.xcassets in Resources */ = {isa = PBXBuildFile; fileRef = D8672FF12BF2444700E9E242 /* Preview Assets.xcassets */; };
		D8C4C80C2BFF1B2E007C9E4B /* NowQueueItemCell.swift in Sources */ = {isa = PBXBuildFile; fileRef = D8C4C80B2BFF1B2E007C9E4B /* NowQueueItemCell.swift */; };
		D8C4C8102BFF5A12007C9E4B /* SongCell.swift in Sources */ = {isa = PBXBuildFile; fileRef = D8C4C80F2BFF5A12007C9E4B /* SongCell.swift */; };
		D8C4C8122BFF5A60007C9E4B /* AlbumCell.swift in Sources */ = {isa = PBXBuildFile; fileRef = D8C4C8112BFF5A60007C9E4B /* AlbumCell.swift */; };
		D8E776C02BFA6A6D00CA94A2 /* MusicSearchModel.swift in Sources */ = {isa = PBXBuildFile; fileRef = D8E776BF2BFA6A6D00CA94A2 /* MusicSearchModel.swift */; };
		D8E776C22BFA6A8E00CA94A2 /* MusicSearchView.swift in Sources */ = {isa = PBXBuildFile; fileRef = D8E776C12BFA6A8E00CA94A2 /* MusicSearchView.swift */; };
/* End PBXBuildFile section */

/* Begin PBXFileReference section */
		130D52842BFDD6AC0010BAE2 /* OnboardingTabView.swift */ = {isa = PBXFileReference; lastKnownFileType = sourcecode.swift; path = OnboardingTabView.swift; sourceTree = "<group>"; };
		130D52862BFDD6B60010BAE2 /* OnboardingPageView.swift */ = {isa = PBXFileReference; lastKnownFileType = sourcecode.swift; path = OnboardingPageView.swift; sourceTree = "<group>"; };
		130D52882BFDD6BF0010BAE2 /* OnboardingMusicAuthButtonView.swift */ = {isa = PBXFileReference; lastKnownFileType = sourcecode.swift; path = OnboardingMusicAuthButtonView.swift; sourceTree = "<group>"; };
		130D528A2BFDD6CB0010BAE2 /* OnboardingLastPageView.swift */ = {isa = PBXFileReference; lastKnownFileType = sourcecode.swift; path = OnboardingLastPageView.swift; sourceTree = "<group>"; };
		264802B12BFE343700369831 /* StoredTrack.swift */ = {isa = PBXFileReference; lastKnownFileType = sourcecode.swift; path = StoredTrack.swift; sourceTree = "<group>"; };
		269FDD542BF88FE200715CB4 /* ActionDetectionModel.swift */ = {isa = PBXFileReference; lastKnownFileType = sourcecode.swift; path = ActionDetectionModel.swift; sourceTree = "<group>"; };
		26B6F5252BFA2D07000B2340 /* MusicItemCell.swift */ = {isa = PBXFileReference; lastKnownFileType = sourcecode.swift; path = MusicItemCell.swift; sourceTree = "<group>"; };
		26B6F5282BFA36AC000B2340 /* MusicItemRowView.swift */ = {isa = PBXFileReference; lastKnownFileType = sourcecode.swift; path = MusicItemRowView.swift; sourceTree = "<group>"; };
		26B6F52A2BFA436E000B2340 /* HomeModel.swift */ = {isa = PBXFileReference; lastKnownFileType = sourcecode.swift; path = HomeModel.swift; sourceTree = "<group>"; };
		26E8A0622BFF7D4A001EF6AE /* NextMusicRecommendationModel.swift */ = {isa = PBXFileReference; lastKnownFileType = sourcecode.swift; path = NextMusicRecommendationModel.swift; sourceTree = "<group>"; };
		26EF7C332C074F530010EBAC /* OnboardingNextButtonPageView.swift */ = {isa = PBXFileReference; lastKnownFileType = sourcecode.swift; path = OnboardingNextButtonPageView.swift; sourceTree = "<group>"; };
		452B00952BFE14B4002F4560 /* headphone.gif */ = {isa = PBXFileReference; lastKnownFileType = image.gif; path = headphone.gif; sourceTree = "<group>"; };
		452B00982BFE14B4002F4560 /* notebook.gif */ = {isa = PBXFileReference; lastKnownFileType = image.gif; path = notebook.gif; sourceTree = "<group>"; };
		452B009D2BFE1C68002F4560 /* shaking.gif */ = {isa = PBXFileReference; lastKnownFileType = image.gif; path = shaking.gif; sourceTree = "<group>"; };
		452B00A12BFE1FA8002F4560 /* iphone.gif */ = {isa = PBXFileReference; lastKnownFileType = image.gif; path = iphone.gif; sourceTree = "<group>"; };
		452B00A32BFE21CB002F4560 /* shaking2.gif */ = {isa = PBXFileReference; lastKnownFileType = image.gif; path = shaking2.gif; sourceTree = "<group>"; };
		86D8FD022BFB2B3C008FD1AD /* MiniPlayerView.swift */ = {isa = PBXFileReference; lastKnownFileType = sourcecode.swift; path = MiniPlayerView.swift; sourceTree = "<group>"; };
		86D8FD042BFB2B52008FD1AD /* MusicPlayerModel.swift */ = {isa = PBXFileReference; lastKnownFileType = sourcecode.swift; path = MusicPlayerModel.swift; sourceTree = "<group>"; };
		86D8FD062BFB2B61008FD1AD /* NowPlayingView.swift */ = {isa = PBXFileReference; lastKnownFileType = sourcecode.swift; path = NowPlayingView.swift; sourceTree = "<group>"; };
		86D8FD0B2BFB2B99008FD1AD /* MiniPlayerItemCell.swift */ = {isa = PBXFileReference; lastKnownFileType = sourcecode.swift; path = MiniPlayerItemCell.swift; sourceTree = "<group>"; };
		86D8FD0F2BFB2BC3008FD1AD /* NowPlayingItemCell.swift */ = {isa = PBXFileReference; lastKnownFileType = sourcecode.swift; path = NowPlayingItemCell.swift; sourceTree = "<group>"; };
		C7D27B462BFDE47400E76800 /* HomeView.swift */ = {isa = PBXFileReference; lastKnownFileType = sourcecode.swift; path = HomeView.swift; sourceTree = "<group>"; };
		C7D27B482BFDED9E00E76800 /* GifImage.swift */ = {isa = PBXFileReference; lastKnownFileType = sourcecode.swift; path = GifImage.swift; sourceTree = "<group>"; };
		C7D27B4C2BFF0B9800E76800 /* OnboardingFailPageView.swift */ = {isa = PBXFileReference; lastKnownFileType = sourcecode.swift; path = OnboardingFailPageView.swift; sourceTree = "<group>"; };
		C7D8ECE72C16DAEA00A4A5EF /* ShakingFloorMoving.gif */ = {isa = PBXFileReference; lastKnownFileType = image.gif; name = ShakingFloorMoving.gif; path = ../../../../../../Downloads/0_gif_240610/ShakingFloorMoving.gif; sourceTree = "<group>"; };
		C7D8ECE92C16DE4B00A4A5EF /* ShakeFloor.gif */ = {isa = PBXFileReference; lastKnownFileType = image.gif; name = ShakeFloor.gif; path = ../../../../../../Downloads/ShakeFloor.gif; sourceTree = "<group>"; };
		D8184EFB2BF650CB00CBA736 /* Info.plist */ = {isa = PBXFileReference; lastKnownFileType = text.plist; path = Info.plist; sourceTree = "<group>"; };
		D8184F002BF70F1900CBA736 /* MusicAuthorizationModel.swift */ = {isa = PBXFileReference; lastKnownFileType = sourcecode.swift; path = MusicAuthorizationModel.swift; sourceTree = "<group>"; };
		D85D2AB32BFDD024003803C0 /* DetailedAlbumModel.swift */ = {isa = PBXFileReference; lastKnownFileType = sourcecode.swift; path = DetailedAlbumModel.swift; sourceTree = "<group>"; };
		D85D2AB52BFDD02F003803C0 /* DetailedAlbumView.swift */ = {isa = PBXFileReference; lastKnownFileType = sourcecode.swift; path = DetailedAlbumView.swift; sourceTree = "<group>"; };
		D8672FE72BF2444600E9E242 /* MinGenie.app */ = {isa = PBXFileReference; explicitFileType = wrapper.application; includeInIndex = 0; path = MinGenie.app; sourceTree = BUILT_PRODUCTS_DIR; };
		D8672FEA2BF2444600E9E242 /* MinGenieApp.swift */ = {isa = PBXFileReference; lastKnownFileType = sourcecode.swift; path = MinGenieApp.swift; sourceTree = "<group>"; };
		D8672FEC2BF2444600E9E242 /* ContentView.swift */ = {isa = PBXFileReference; lastKnownFileType = sourcecode.swift; path = ContentView.swift; sourceTree = "<group>"; };
		D8672FEE2BF2444600E9E242 /* Assets.xcassets */ = {isa = PBXFileReference; lastKnownFileType = folder.assetcatalog; path = Assets.xcassets; sourceTree = "<group>"; };
		D8672FF12BF2444700E9E242 /* Preview Assets.xcassets */ = {isa = PBXFileReference; lastKnownFileType = folder.assetcatalog; path = "Preview Assets.xcassets"; sourceTree = "<group>"; };
		D8C4C80B2BFF1B2E007C9E4B /* NowQueueItemCell.swift */ = {isa = PBXFileReference; lastKnownFileType = sourcecode.swift; path = NowQueueItemCell.swift; sourceTree = "<group>"; };
		D8C4C80F2BFF5A12007C9E4B /* SongCell.swift */ = {isa = PBXFileReference; lastKnownFileType = sourcecode.swift; path = SongCell.swift; sourceTree = "<group>"; };
		D8C4C8112BFF5A60007C9E4B /* AlbumCell.swift */ = {isa = PBXFileReference; lastKnownFileType = sourcecode.swift; path = AlbumCell.swift; sourceTree = "<group>"; };
		D8E776BF2BFA6A6D00CA94A2 /* MusicSearchModel.swift */ = {isa = PBXFileReference; lastKnownFileType = sourcecode.swift; path = MusicSearchModel.swift; sourceTree = "<group>"; };
		D8E776C12BFA6A8E00CA94A2 /* MusicSearchView.swift */ = {isa = PBXFileReference; lastKnownFileType = sourcecode.swift; path = MusicSearchView.swift; sourceTree = "<group>"; };
/* End PBXFileReference section */

/* Begin PBXFrameworksBuildPhase section */
		D8672FE42BF2444600E9E242 /* Frameworks */ = {
			isa = PBXFrameworksBuildPhase;
			buildActionMask = 2147483647;
			files = (
			);
			runOnlyForDeploymentPostprocessing = 0;
		};
/* End PBXFrameworksBuildPhase section */

/* Begin PBXGroup section */
		130D52832BFDD67F0010BAE2 /* OnboardingViews */ = {
			isa = PBXGroup;
			children = (
				130D52842BFDD6AC0010BAE2 /* OnboardingTabView.swift */,
				130D52862BFDD6B60010BAE2 /* OnboardingPageView.swift */,
				26EF7C332C074F530010EBAC /* OnboardingNextButtonPageView.swift */,
				130D52882BFDD6BF0010BAE2 /* OnboardingMusicAuthButtonView.swift */,
				C7D27B4C2BFF0B9800E76800 /* OnboardingFailPageView.swift */,
				130D528A2BFDD6CB0010BAE2 /* OnboardingLastPageView.swift */,
				C7D27B482BFDED9E00E76800 /* GifImage.swift */,
			);
			path = OnboardingViews;
			sourceTree = "<group>";
		};
		264802B02BFE341800369831 /* Util */ = {
			isa = PBXGroup;
			children = (
				264802B12BFE343700369831 /* StoredTrack.swift */,
			);
			path = Util;
			sourceTree = "<group>";
		};
		269FDD532BF88F9200715CB4 /* ShakeDetection */ = {
			isa = PBXGroup;
			children = (
				269FDD542BF88FE200715CB4 /* ActionDetectionModel.swift */,
			);
			path = ShakeDetection;
			sourceTree = "<group>";
		};
		26B6F5242BFA2CE2000B2340 /* Cells */ = {
			isa = PBXGroup;
			children = (
				26B6F5252BFA2D07000B2340 /* MusicItemCell.swift */,
			);
			path = Cells;
			sourceTree = "<group>";
		};
		26B6F5272BFA3662000B2340 /* Home */ = {
			isa = PBXGroup;
			children = (
				C7D27B462BFDE47400E76800 /* HomeView.swift */,
				26B6F5242BFA2CE2000B2340 /* Cells */,
				26B6F5282BFA36AC000B2340 /* MusicItemRowView.swift */,
				26B6F52A2BFA436E000B2340 /* HomeModel.swift */,
			);
			path = Home;
			sourceTree = "<group>";
		};
		86D8FCFF2BFB2A92008FD1AD /* Playback */ = {
			isa = PBXGroup;
			children = (
				86D8FD022BFB2B3C008FD1AD /* MiniPlayerView.swift */,
				86D8FD062BFB2B61008FD1AD /* NowPlayingView.swift */,
				86D8FD042BFB2B52008FD1AD /* MusicPlayerModel.swift */,
				86D8FD0A2BFB2B89008FD1AD /* Cells */,
			);
			path = Playback;
			sourceTree = "<group>";
		};
		86D8FD0A2BFB2B89008FD1AD /* Cells */ = {
			isa = PBXGroup;
			children = (
				86D8FD0B2BFB2B99008FD1AD /* MiniPlayerItemCell.swift */,
				86D8FD0F2BFB2BC3008FD1AD /* NowPlayingItemCell.swift */,
				D8C4C80B2BFF1B2E007C9E4B /* NowQueueItemCell.swift */,
			);
			path = Cells;
			sourceTree = "<group>";
		};
		D8184EFF2BF70EE300CBA736 /* Authorization */ = {
			isa = PBXGroup;
			children = (
				D8184F002BF70F1900CBA736 /* MusicAuthorizationModel.swift */,
			);
			path = Authorization;
			sourceTree = "<group>";
		};
		D85D2AB22BFDD013003803C0 /* DetailedAlbum */ = {
			isa = PBXGroup;
			children = (
				D85D2AB32BFDD024003803C0 /* DetailedAlbumModel.swift */,
				D85D2AB52BFDD02F003803C0 /* DetailedAlbumView.swift */,
			);
			path = DetailedAlbum;
			sourceTree = "<group>";
		};
		D8672FDE2BF2444500E9E242 = {
			isa = PBXGroup;
			children = (
				D8672FE92BF2444600E9E242 /* MinGenie */,
				D8672FE82BF2444600E9E242 /* Products */,
			);
			sourceTree = "<group>";
		};
		D8672FE82BF2444600E9E242 /* Products */ = {
			isa = PBXGroup;
			children = (
				D8672FE72BF2444600E9E242 /* MinGenie.app */,
			);
			name = Products;
			sourceTree = "<group>";
		};
		D8672FE92BF2444600E9E242 /* MinGenie */ = {
			isa = PBXGroup;
			children = (
				D8672FEA2BF2444600E9E242 /* MinGenieApp.swift */,
				D8672FEC2BF2444600E9E242 /* ContentView.swift */,
				130D52832BFDD67F0010BAE2 /* OnboardingViews */,
				26B6F5272BFA3662000B2340 /* Home */,
				86D8FCFF2BFB2A92008FD1AD /* Playback */,
				D8E776BE2BFA6A5200CA94A2 /* Search */,
				269FDD532BF88F9200715CB4 /* ShakeDetection */,
				D8184EFF2BF70EE300CBA736 /* Authorization */,
				264802B02BFE341800369831 /* Util */,
				D8184EFB2BF650CB00CBA736 /* Info.plist */,
				D8672FEE2BF2444600E9E242 /* Assets.xcassets */,
				D8C4C80D2BFF1BC3007C9E4B /* GIF */,
				D8672FF02BF2444700E9E242 /* Preview Content */,
			);
			path = MinGenie;
			sourceTree = "<group>";
		};
		D8672FF02BF2444700E9E242 /* Preview Content */ = {
			isa = PBXGroup;
			children = (
				D8672FF12BF2444700E9E242 /* Preview Assets.xcassets */,
			);
			path = "Preview Content";
			sourceTree = "<group>";
		};
		D8C4C80D2BFF1BC3007C9E4B /* GIF */ = {
			isa = PBXGroup;
			children = (
				C7D8ECE92C16DE4B00A4A5EF /* ShakeFloor.gif */,
				C7D8ECE72C16DAEA00A4A5EF /* ShakingFloorMoving.gif */,
				452B00952BFE14B4002F4560 /* headphone.gif */,
				452B00A32BFE21CB002F4560 /* shaking2.gif */,
				452B009D2BFE1C68002F4560 /* shaking.gif */,
				452B00982BFE14B4002F4560 /* notebook.gif */,
				452B00A12BFE1FA8002F4560 /* iphone.gif */,
			);
			path = GIF;
			sourceTree = "<group>";
		};
		D8C4C80E2BFF5A03007C9E4B /* Cells */ = {
			isa = PBXGroup;
			children = (
				D8C4C80F2BFF5A12007C9E4B /* SongCell.swift */,
				D8C4C8112BFF5A60007C9E4B /* AlbumCell.swift */,
			);
			path = Cells;
			sourceTree = "<group>";
		};
		D8E776BE2BFA6A5200CA94A2 /* Search */ = {
			isa = PBXGroup;
			children = (
				26E8A0622BFF7D4A001EF6AE /* NextMusicRecommendationModel.swift */,
				D8E776BF2BFA6A6D00CA94A2 /* MusicSearchModel.swift */,
				D8E776C12BFA6A8E00CA94A2 /* MusicSearchView.swift */,
				D8C4C80E2BFF5A03007C9E4B /* Cells */,
				D85D2AB22BFDD013003803C0 /* DetailedAlbum */,
			);
			path = Search;
			sourceTree = "<group>";
		};
/* End PBXGroup section */

/* Begin PBXNativeTarget section */
		D8672FE62BF2444600E9E242 /* MinGenie */ = {
			isa = PBXNativeTarget;
			buildConfigurationList = D8672FF52BF2444700E9E242 /* Build configuration list for PBXNativeTarget "MinGenie" */;
			buildPhases = (
				D8672FE32BF2444600E9E242 /* Sources */,
				D8672FE42BF2444600E9E242 /* Frameworks */,
				D8672FE52BF2444600E9E242 /* Resources */,
			);
			buildRules = (
			);
			dependencies = (
			);
			name = MinGenie;
			productName = MinGenie;
			productReference = D8672FE72BF2444600E9E242 /* MinGenie.app */;
			productType = "com.apple.product-type.application";
		};
/* End PBXNativeTarget section */

/* Begin PBXProject section */
		D8672FDF2BF2444500E9E242 /* Project object */ = {
			isa = PBXProject;
			attributes = {
				BuildIndependentTargetsInParallel = 1;
				LastSwiftUpdateCheck = 1530;
				LastUpgradeCheck = 1530;
				TargetAttributes = {
					D8672FE62BF2444600E9E242 = {
						CreatedOnToolsVersion = 15.3;
					};
				};
			};
			buildConfigurationList = D8672FE22BF2444500E9E242 /* Build configuration list for PBXProject "MinGenie" */;
			compatibilityVersion = "Xcode 14.0";
			developmentRegion = en;
			hasScannedForEncodings = 0;
			knownRegions = (
				en,
				Base,
			);
			mainGroup = D8672FDE2BF2444500E9E242;
			productRefGroup = D8672FE82BF2444600E9E242 /* Products */;
			projectDirPath = "";
			projectRoot = "";
			targets = (
				D8672FE62BF2444600E9E242 /* MinGenie */,
			);
		};
/* End PBXProject section */

/* Begin PBXResourcesBuildPhase section */
		D8672FE52BF2444600E9E242 /* Resources */ = {
			isa = PBXResourcesBuildPhase;
			buildActionMask = 2147483647;
			files = (
				C7D8ECEA2C16DE4B00A4A5EF /* ShakeFloor.gif in Resources */,
				452B00992BFE14B4002F4560 /* headphone.gif in Resources */,
				D8672FF22BF2444700E9E242 /* Preview Assets.xcassets in Resources */,
				C7D8ECE82C16DAEA00A4A5EF /* ShakingFloorMoving.gif in Resources */,
				D8672FEF2BF2444600E9E242 /* Assets.xcassets in Resources */,
				452B00A42BFE21CB002F4560 /* shaking2.gif in Resources */,
				452B00A22BFE1FA8002F4560 /* iphone.gif in Resources */,
				452B009E2BFE1C68002F4560 /* shaking.gif in Resources */,
				452B009C2BFE14B4002F4560 /* notebook.gif in Resources */,
			);
			runOnlyForDeploymentPostprocessing = 0;
		};
/* End PBXResourcesBuildPhase section */

/* Begin PBXSourcesBuildPhase section */
		D8672FE32BF2444600E9E242 /* Sources */ = {
			isa = PBXSourcesBuildPhase;
			buildActionMask = 2147483647;
			files = (
				264802B22BFE343700369831 /* StoredTrack.swift in Sources */,
				86D8FD032BFB2B3C008FD1AD /* MiniPlayerView.swift in Sources */,
				86D8FD102BFB2BC3008FD1AD /* NowPlayingItemCell.swift in Sources */,
				D8C4C8122BFF5A60007C9E4B /* AlbumCell.swift in Sources */,
				26B6F5262BFA2D07000B2340 /* MusicItemCell.swift in Sources */,
				D8C4C8102BFF5A12007C9E4B /* SongCell.swift in Sources */,
				C7D27B472BFDE47400E76800 /* HomeView.swift in Sources */,
				D8E776C02BFA6A6D00CA94A2 /* MusicSearchModel.swift in Sources */,
				C7D27B4D2BFF0B9800E76800 /* OnboardingFailPageView.swift in Sources */,
				26E8A0632BFF7D4A001EF6AE /* NextMusicRecommendationModel.swift in Sources */,
				130D52852BFDD6AC0010BAE2 /* OnboardingTabView.swift in Sources */,
				D8672FED2BF2444600E9E242 /* ContentView.swift in Sources */,
				130D528B2BFDD6CB0010BAE2 /* OnboardingLastPageView.swift in Sources */,
				C7D27B492BFDED9E00E76800 /* GifImage.swift in Sources */,
				D8E776C22BFA6A8E00CA94A2 /* MusicSearchView.swift in Sources */,
				D8184F012BF70F1900CBA736 /* MusicAuthorizationModel.swift in Sources */,
				86D8FD072BFB2B61008FD1AD /* NowPlayingView.swift in Sources */,
				D85D2AB62BFDD02F003803C0 /* DetailedAlbumView.swift in Sources */,
				D8672FEB2BF2444600E9E242 /* MinGenieApp.swift in Sources */,
				D85D2AB42BFDD024003803C0 /* DetailedAlbumModel.swift in Sources */,
				26B6F52B2BFA436E000B2340 /* HomeModel.swift in Sources */,
				26EF7C342C074F530010EBAC /* OnboardingNextButtonPageView.swift in Sources */,
				D8C4C80C2BFF1B2E007C9E4B /* NowQueueItemCell.swift in Sources */,
				269FDD552BF88FE200715CB4 /* ActionDetectionModel.swift in Sources */,
				86D8FD0C2BFB2B99008FD1AD /* MiniPlayerItemCell.swift in Sources */,
				130D52892BFDD6BF0010BAE2 /* OnboardingMusicAuthButtonView.swift in Sources */,
				130D52872BFDD6B60010BAE2 /* OnboardingPageView.swift in Sources */,
				26B6F5292BFA36AC000B2340 /* MusicItemRowView.swift in Sources */,
				86D8FD052BFB2B52008FD1AD /* MusicPlayerModel.swift in Sources */,
			);
			runOnlyForDeploymentPostprocessing = 0;
		};
/* End PBXSourcesBuildPhase section */

/* Begin XCBuildConfiguration section */
		D8672FF32BF2444700E9E242 /* Debug */ = {
			isa = XCBuildConfiguration;
			buildSettings = {
				ALWAYS_SEARCH_USER_PATHS = NO;
				ASSETCATALOG_COMPILER_GENERATE_SWIFT_ASSET_SYMBOL_EXTENSIONS = YES;
				CLANG_ANALYZER_NONNULL = YES;
				CLANG_ANALYZER_NUMBER_OBJECT_CONVERSION = YES_AGGRESSIVE;
				CLANG_CXX_LANGUAGE_STANDARD = "gnu++20";
				CLANG_ENABLE_MODULES = YES;
				CLANG_ENABLE_OBJC_ARC = YES;
				CLANG_ENABLE_OBJC_WEAK = YES;
				CLANG_WARN_BLOCK_CAPTURE_AUTORELEASING = YES;
				CLANG_WARN_BOOL_CONVERSION = YES;
				CLANG_WARN_COMMA = YES;
				CLANG_WARN_CONSTANT_CONVERSION = YES;
				CLANG_WARN_DEPRECATED_OBJC_IMPLEMENTATIONS = YES;
				CLANG_WARN_DIRECT_OBJC_ISA_USAGE = YES_ERROR;
				CLANG_WARN_DOCUMENTATION_COMMENTS = YES;
				CLANG_WARN_EMPTY_BODY = YES;
				CLANG_WARN_ENUM_CONVERSION = YES;
				CLANG_WARN_INFINITE_RECURSION = YES;
				CLANG_WARN_INT_CONVERSION = YES;
				CLANG_WARN_NON_LITERAL_NULL_CONVERSION = YES;
				CLANG_WARN_OBJC_IMPLICIT_RETAIN_SELF = YES;
				CLANG_WARN_OBJC_LITERAL_CONVERSION = YES;
				CLANG_WARN_OBJC_ROOT_CLASS = YES_ERROR;
				CLANG_WARN_QUOTED_INCLUDE_IN_FRAMEWORK_HEADER = YES;
				CLANG_WARN_RANGE_LOOP_ANALYSIS = YES;
				CLANG_WARN_STRICT_PROTOTYPES = YES;
				CLANG_WARN_SUSPICIOUS_MOVE = YES;
				CLANG_WARN_UNGUARDED_AVAILABILITY = YES_AGGRESSIVE;
				CLANG_WARN_UNREACHABLE_CODE = YES;
				CLANG_WARN__DUPLICATE_METHOD_MATCH = YES;
				COPY_PHASE_STRIP = NO;
				DEBUG_INFORMATION_FORMAT = dwarf;
				ENABLE_STRICT_OBJC_MSGSEND = YES;
				ENABLE_TESTABILITY = YES;
				ENABLE_USER_SCRIPT_SANDBOXING = YES;
				GCC_C_LANGUAGE_STANDARD = gnu17;
				GCC_DYNAMIC_NO_PIC = NO;
				GCC_NO_COMMON_BLOCKS = YES;
				GCC_OPTIMIZATION_LEVEL = 0;
				GCC_PREPROCESSOR_DEFINITIONS = (
					"DEBUG=1",
					"$(inherited)",
				);
				GCC_WARN_64_TO_32_BIT_CONVERSION = YES;
				GCC_WARN_ABOUT_RETURN_TYPE = YES_ERROR;
				GCC_WARN_UNDECLARED_SELECTOR = YES;
				GCC_WARN_UNINITIALIZED_AUTOS = YES_AGGRESSIVE;
				GCC_WARN_UNUSED_FUNCTION = YES;
				GCC_WARN_UNUSED_VARIABLE = YES;
				IPHONEOS_DEPLOYMENT_TARGET = 17.4;
				LOCALIZATION_PREFERS_STRING_CATALOGS = YES;
				MTL_ENABLE_DEBUG_INFO = INCLUDE_SOURCE;
				MTL_FAST_MATH = YES;
				ONLY_ACTIVE_ARCH = YES;
				SDKROOT = iphoneos;
				SWIFT_ACTIVE_COMPILATION_CONDITIONS = "DEBUG $(inherited)";
				SWIFT_OPTIMIZATION_LEVEL = "-Onone";
			};
			name = Debug;
		};
		D8672FF42BF2444700E9E242 /* Release */ = {
			isa = XCBuildConfiguration;
			buildSettings = {
				ALWAYS_SEARCH_USER_PATHS = NO;
				ASSETCATALOG_COMPILER_GENERATE_SWIFT_ASSET_SYMBOL_EXTENSIONS = YES;
				CLANG_ANALYZER_NONNULL = YES;
				CLANG_ANALYZER_NUMBER_OBJECT_CONVERSION = YES_AGGRESSIVE;
				CLANG_CXX_LANGUAGE_STANDARD = "gnu++20";
				CLANG_ENABLE_MODULES = YES;
				CLANG_ENABLE_OBJC_ARC = YES;
				CLANG_ENABLE_OBJC_WEAK = YES;
				CLANG_WARN_BLOCK_CAPTURE_AUTORELEASING = YES;
				CLANG_WARN_BOOL_CONVERSION = YES;
				CLANG_WARN_COMMA = YES;
				CLANG_WARN_CONSTANT_CONVERSION = YES;
				CLANG_WARN_DEPRECATED_OBJC_IMPLEMENTATIONS = YES;
				CLANG_WARN_DIRECT_OBJC_ISA_USAGE = YES_ERROR;
				CLANG_WARN_DOCUMENTATION_COMMENTS = YES;
				CLANG_WARN_EMPTY_BODY = YES;
				CLANG_WARN_ENUM_CONVERSION = YES;
				CLANG_WARN_INFINITE_RECURSION = YES;
				CLANG_WARN_INT_CONVERSION = YES;
				CLANG_WARN_NON_LITERAL_NULL_CONVERSION = YES;
				CLANG_WARN_OBJC_IMPLICIT_RETAIN_SELF = YES;
				CLANG_WARN_OBJC_LITERAL_CONVERSION = YES;
				CLANG_WARN_OBJC_ROOT_CLASS = YES_ERROR;
				CLANG_WARN_QUOTED_INCLUDE_IN_FRAMEWORK_HEADER = YES;
				CLANG_WARN_RANGE_LOOP_ANALYSIS = YES;
				CLANG_WARN_STRICT_PROTOTYPES = YES;
				CLANG_WARN_SUSPICIOUS_MOVE = YES;
				CLANG_WARN_UNGUARDED_AVAILABILITY = YES_AGGRESSIVE;
				CLANG_WARN_UNREACHABLE_CODE = YES;
				CLANG_WARN__DUPLICATE_METHOD_MATCH = YES;
				COPY_PHASE_STRIP = NO;
				DEBUG_INFORMATION_FORMAT = "dwarf-with-dsym";
				ENABLE_NS_ASSERTIONS = NO;
				ENABLE_STRICT_OBJC_MSGSEND = YES;
				ENABLE_USER_SCRIPT_SANDBOXING = YES;
				GCC_C_LANGUAGE_STANDARD = gnu17;
				GCC_NO_COMMON_BLOCKS = YES;
				GCC_WARN_64_TO_32_BIT_CONVERSION = YES;
				GCC_WARN_ABOUT_RETURN_TYPE = YES_ERROR;
				GCC_WARN_UNDECLARED_SELECTOR = YES;
				GCC_WARN_UNINITIALIZED_AUTOS = YES_AGGRESSIVE;
				GCC_WARN_UNUSED_FUNCTION = YES;
				GCC_WARN_UNUSED_VARIABLE = YES;
				IPHONEOS_DEPLOYMENT_TARGET = 17.4;
				LOCALIZATION_PREFERS_STRING_CATALOGS = YES;
				MTL_ENABLE_DEBUG_INFO = NO;
				MTL_FAST_MATH = YES;
				SDKROOT = iphoneos;
				SWIFT_COMPILATION_MODE = wholemodule;
				VALIDATE_PRODUCT = YES;
			};
			name = Release;
		};
		D8672FF62BF2444700E9E242 /* Debug */ = {
			isa = XCBuildConfiguration;
			buildSettings = {
				ASSETCATALOG_COMPILER_APPICON_NAME = AppIcon;
				ASSETCATALOG_COMPILER_GLOBAL_ACCENT_COLOR_NAME = AccentColor;
				CODE_SIGN_IDENTITY = "Apple Development";
				"CODE_SIGN_IDENTITY[sdk=iphoneos*]" = "iPhone Developer";
				CODE_SIGN_STYLE = Manual;
				CURRENT_PROJECT_VERSION = 1;
				DEVELOPMENT_ASSET_PATHS = "\"MinGenie/Preview Content\"";
				DEVELOPMENT_TEAM = "";
				"DEVELOPMENT_TEAM[sdk=iphoneos*]" = 7P5S729LQZ;
				ENABLE_PREVIEWS = YES;
				GENERATE_INFOPLIST_FILE = YES;
				INFOPLIST_FILE = MinGenie/Info.plist;
				INFOPLIST_KEY_CFBundleDisplayName = "Min Genie";
				INFOPLIST_KEY_LSApplicationCategoryType = "public.app-category.music";
				INFOPLIST_KEY_NSAppleMusicUsageDescription = "권한을 허용해야 음악 재생목록과 모션이 가능합니다.";
				INFOPLIST_KEY_NSLocationAlwaysAndWhenInUseUsageDescription = "앱이 백그라운드와 포그라운드 모두에서 위치 서비스를 사용하기 위해 필요합니다.";
				INFOPLIST_KEY_NSLocationAlwaysUsageDescription = "앱이 백그라운드에서도 위치 서비스를 사용하기 위해 필요합니다.";
				INFOPLIST_KEY_NSLocationWhenInUseUsageDescription = "앱 사용 중에 위치 서비스를 사용하기 위해 필요합니다.";
				INFOPLIST_KEY_NSMotionUsageDescription = "이 앱은 기기 움직임을 감지하여 음악을 자동으로 변경하기 위해 모션 데이터를 사용합니다.";
				INFOPLIST_KEY_UIApplicationSceneManifest_Generation = YES;
				INFOPLIST_KEY_UIApplicationSupportsIndirectInputEvents = YES;
				INFOPLIST_KEY_UISupportedInterfaceOrientations = UIInterfaceOrientationPortrait;
				INFOPLIST_KEY_UISupportedInterfaceOrientations_iPad = "UIInterfaceOrientationLandscapeLeft UIInterfaceOrientationLandscapeRight UIInterfaceOrientationPortrait UIInterfaceOrientationPortraitUpsideDown";
				IPHONEOS_DEPLOYMENT_TARGET = 17.0;
				LD_RUNPATH_SEARCH_PATHS = (
					"$(inherited)",
					"@executable_path/Frameworks",
				);
				MARKETING_VERSION = 1.0;
				PRODUCT_BUNDLE_IDENTIFIER = com.BlackDragonRiver.MinGenie;
				PRODUCT_NAME = "$(TARGET_NAME)";
				PROVISIONING_PROFILE_SPECIFIER = "";
				"PROVISIONING_PROFILE_SPECIFIER[sdk=iphoneos*]" = Min_Development;
				SUPPORTED_PLATFORMS = "iphoneos iphonesimulator";
				SUPPORTS_MACCATALYST = NO;
				SUPPORTS_MAC_DESIGNED_FOR_IPHONE_IPAD = NO;
				SUPPORTS_XR_DESIGNED_FOR_IPHONE_IPAD = NO;
				SWIFT_EMIT_LOC_STRINGS = YES;
				SWIFT_VERSION = 5.0;
				TARGETED_DEVICE_FAMILY = 1;
			};
			name = Debug;
		};
		D8672FF72BF2444700E9E242 /* Release */ = {
			isa = XCBuildConfiguration;
			buildSettings = {
				ASSETCATALOG_COMPILER_APPICON_NAME = AppIcon;
				ASSETCATALOG_COMPILER_GLOBAL_ACCENT_COLOR_NAME = AccentColor;
				CODE_SIGN_IDENTITY = "Apple Development";
				"CODE_SIGN_IDENTITY[sdk=iphoneos*]" = "iPhone Distribution";
				CODE_SIGN_STYLE = Manual;
				CURRENT_PROJECT_VERSION = 1;
				DEVELOPMENT_ASSET_PATHS = "\"MinGenie/Preview Content\"";
				DEVELOPMENT_TEAM = "";
				"DEVELOPMENT_TEAM[sdk=iphoneos*]" = 7P5S729LQZ;
				ENABLE_PREVIEWS = YES;
				GENERATE_INFOPLIST_FILE = YES;
				INFOPLIST_FILE = MinGenie/Info.plist;
				INFOPLIST_KEY_CFBundleDisplayName = "Min Genie";
				INFOPLIST_KEY_LSApplicationCategoryType = "public.app-category.music";
				INFOPLIST_KEY_NSAppleMusicUsageDescription = "권한을 허용해야 음악 재생목록과 모션이 가능합니다.";
				INFOPLIST_KEY_NSLocationAlwaysAndWhenInUseUsageDescription = "앱이 백그라운드와 포그라운드 모두에서 위치 서비스를 사용하기 위해 필요합니다.";
				INFOPLIST_KEY_NSLocationAlwaysUsageDescription = "앱이 백그라운드에서도 위치 서비스를 사용하기 위해 필요합니다.";
				INFOPLIST_KEY_NSLocationWhenInUseUsageDescription = "앱 사용 중에 위치 서비스를 사용하기 위해 필요합니다.";
				INFOPLIST_KEY_NSMotionUsageDescription = "이 앱은 기기 움직임을 감지하여 음악을 자동으로 변경하기 위해 모션 데이터를 사용합니다.";
				INFOPLIST_KEY_UIApplicationSceneManifest_Generation = YES;
				INFOPLIST_KEY_UIApplicationSupportsIndirectInputEvents = YES;
				INFOPLIST_KEY_UISupportedInterfaceOrientations = UIInterfaceOrientationPortrait;
				INFOPLIST_KEY_UISupportedInterfaceOrientations_iPad = "UIInterfaceOrientationLandscapeLeft UIInterfaceOrientationLandscapeRight UIInterfaceOrientationPortrait UIInterfaceOrientationPortraitUpsideDown";
				IPHONEOS_DEPLOYMENT_TARGET = 17.0;
				LD_RUNPATH_SEARCH_PATHS = (
					"$(inherited)",
					"@executable_path/Frameworks",
				);
				MARKETING_VERSION = 1.0;
				PRODUCT_BUNDLE_IDENTIFIER = com.BlackDragonRiver.MinGenie;
				PRODUCT_NAME = "$(TARGET_NAME)";
				PROVISIONING_PROFILE_SPECIFIER = "";
				"PROVISIONING_PROFILE_SPECIFIER[sdk=iphoneos*]" = Min_Distribution;
				SUPPORTED_PLATFORMS = "iphoneos iphonesimulator";
				SUPPORTS_MACCATALYST = NO;
				SUPPORTS_MAC_DESIGNED_FOR_IPHONE_IPAD = NO;
				SUPPORTS_XR_DESIGNED_FOR_IPHONE_IPAD = NO;
				SWIFT_EMIT_LOC_STRINGS = YES;
				SWIFT_VERSION = 5.0;
				TARGETED_DEVICE_FAMILY = 1;
			};
			name = Release;
		};
/* End XCBuildConfiguration section */

/* Begin XCConfigurationList section */
		D8672FE22BF2444500E9E242 /* Build configuration list for PBXProject "MinGenie" */ = {
			isa = XCConfigurationList;
			buildConfigurations = (
				D8672FF32BF2444700E9E242 /* Debug */,
				D8672FF42BF2444700E9E242 /* Release */,
			);
			defaultConfigurationIsVisible = 0;
			defaultConfigurationName = Release;
		};
		D8672FF52BF2444700E9E242 /* Build configuration list for PBXNativeTarget "MinGenie" */ = {
			isa = XCConfigurationList;
			buildConfigurations = (
				D8672FF62BF2444700E9E242 /* Debug */,
				D8672FF72BF2444700E9E242 /* Release */,
			);
			defaultConfigurationIsVisible = 0;
			defaultConfigurationName = Release;
		};
/* End XCConfigurationList section */
	};
	rootObject = D8672FDF2BF2444500E9E242 /* Project object */;
}
